// !$*UTF8*$!
{
	archiveVersion = 1;
	classes = {
	};
	objectVersion = 51;
	objects = {

/* Begin PBXBuildFile section */
		4E03927D25372D3500919812 /* RequestAppConfigViewController.swift in Sources */ = {isa = PBXBuildFile; fileRef = 4E03927C25372D3500919812 /* RequestAppConfigViewController.swift */; };
		4E13E1C72535BEF700961DCB /* RequestAppConfigViewModel.swift in Sources */ = {isa = PBXBuildFile; fileRef = 4E13E1C62535BEF700961DCB /* RequestAppConfigViewModel.swift */; };
		4E1D2D31251A22F5002E833B /* Coordinator.swift in Sources */ = {isa = PBXBuildFile; fileRef = 4E1D2D30251A22F5002E833B /* Coordinator.swift */; };
		4E1D2D34251A2378002E833B /* Storyboarded.swift in Sources */ = {isa = PBXBuildFile; fileRef = 4E1D2D33251A2378002E833B /* Storyboarded.swift */; };
		4E1D2D38251A25E7002E833B /* MainCoordinator.swift in Sources */ = {isa = PBXBuildFile; fileRef = 4E1D2D37251A25E7002E833B /* MainCoordinator.swift */; };
		4E5AAA0A2510F0970040343D /* RMSConfig.swift in Sources */ = {isa = PBXBuildFile; fileRef = 4E5AAA092510F0970040343D /* RMSConfig.swift */; };
		4E5AAA0D2510F1670040343D /* StationsViewModel.swift in Sources */ = {isa = PBXBuildFile; fileRef = 4E5AAA0C2510F1670040343D /* StationsViewModel.swift */; };
		4E5AAA0F2510FA060040343D /* PlayableItem.swift in Sources */ = {isa = PBXBuildFile; fileRef = 4E5AAA0E2510FA060040343D /* PlayableItem.swift */; };
		4E5DDB6F250BCA3200B31F28 /* StationsDetailViewController.swift in Sources */ = {isa = PBXBuildFile; fileRef = 4E5DDB6E250BCA3200B31F28 /* StationsDetailViewController.swift */; };
		4E7ABE9A25136E35004C3C57 /* StationCell.swift in Sources */ = {isa = PBXBuildFile; fileRef = 4E7ABE9925136E35004C3C57 /* StationCell.swift */; };
		4E7ABE9D251398C5004C3C57 /* StationCellViewModel.swift in Sources */ = {isa = PBXBuildFile; fileRef = 4E7ABE9C251398C5004C3C57 /* StationCellViewModel.swift */; };
		4E9385D62539D427005202F9 /* AppConfigService.swift in Sources */ = {isa = PBXBuildFile; fileRef = 4E9385D52539D427005202F9 /* AppConfigService.swift */; };
		4E9385D92539D58F005202F9 /* AppConfigRepository.swift in Sources */ = {isa = PBXBuildFile; fileRef = 4E9385D82539D58F005202F9 /* AppConfigRepository.swift */; };
		4E949704251B500000FE9375 /* StationsDetailViewModel.swift in Sources */ = {isa = PBXBuildFile; fileRef = 4E949703251B500000FE9375 /* StationsDetailViewModel.swift */; };
		4EA29BAA24FF8CBE00E123C1 /* AppDelegate.swift in Sources */ = {isa = PBXBuildFile; fileRef = 4EA29BA924FF8CBE00E123C1 /* AppDelegate.swift */; };
		4EA29BAC24FF8CBE00E123C1 /* SceneDelegate.swift in Sources */ = {isa = PBXBuildFile; fileRef = 4EA29BAB24FF8CBE00E123C1 /* SceneDelegate.swift */; };
		4EA29BAE24FF8CBE00E123C1 /* StationsViewController.swift in Sources */ = {isa = PBXBuildFile; fileRef = 4EA29BAD24FF8CBE00E123C1 /* StationsViewController.swift */; };
		4EA29BB124FF8CBE00E123C1 /* Main.storyboard in Resources */ = {isa = PBXBuildFile; fileRef = 4EA29BAF24FF8CBE00E123C1 /* Main.storyboard */; };
		4EA29BB324FF8CBF00E123C1 /* Assets.xcassets in Resources */ = {isa = PBXBuildFile; fileRef = 4EA29BB224FF8CBF00E123C1 /* Assets.xcassets */; };
		4EA29BB624FF8CBF00E123C1 /* LaunchScreen.storyboard in Resources */ = {isa = PBXBuildFile; fileRef = 4EA29BB424FF8CBF00E123C1 /* LaunchScreen.storyboard */; };
		AA59AA29AD4B7C6CB9B9E1AF /* Pods_Sounds_App_Storyboard.framework in Frameworks */ = {isa = PBXBuildFile; fileRef = DD93DE87F4AAC2827A295686 /* Pods_Sounds_App_Storyboard.framework */; };
/* End PBXBuildFile section */

/* Begin PBXFileReference section */
		4E03927C25372D3500919812 /* RequestAppConfigViewController.swift */ = {isa = PBXFileReference; lastKnownFileType = sourcecode.swift; path = RequestAppConfigViewController.swift; sourceTree = "<group>"; };
		4E13E1C62535BEF700961DCB /* RequestAppConfigViewModel.swift */ = {isa = PBXFileReference; lastKnownFileType = sourcecode.swift; path = RequestAppConfigViewModel.swift; sourceTree = "<group>"; };
		4E1D2D30251A22F5002E833B /* Coordinator.swift */ = {isa = PBXFileReference; lastKnownFileType = sourcecode.swift; path = Coordinator.swift; sourceTree = "<group>"; };
		4E1D2D33251A2378002E833B /* Storyboarded.swift */ = {isa = PBXFileReference; lastKnownFileType = sourcecode.swift; path = Storyboarded.swift; sourceTree = "<group>"; };
		4E1D2D37251A25E7002E833B /* MainCoordinator.swift */ = {isa = PBXFileReference; lastKnownFileType = sourcecode.swift; path = MainCoordinator.swift; sourceTree = "<group>"; };
		4E5AAA092510F0970040343D /* RMSConfig.swift */ = {isa = PBXFileReference; lastKnownFileType = sourcecode.swift; path = RMSConfig.swift; sourceTree = "<group>"; };
		4E5AAA0C2510F1670040343D /* StationsViewModel.swift */ = {isa = PBXFileReference; lastKnownFileType = sourcecode.swift; path = StationsViewModel.swift; sourceTree = "<group>"; };
		4E5AAA0E2510FA060040343D /* PlayableItem.swift */ = {isa = PBXFileReference; lastKnownFileType = sourcecode.swift; path = PlayableItem.swift; sourceTree = "<group>"; };
		4E5DDB6E250BCA3200B31F28 /* StationsDetailViewController.swift */ = {isa = PBXFileReference; lastKnownFileType = sourcecode.swift; path = StationsDetailViewController.swift; sourceTree = "<group>"; };
		4E7ABE9925136E35004C3C57 /* StationCell.swift */ = {isa = PBXFileReference; lastKnownFileType = sourcecode.swift; path = StationCell.swift; sourceTree = "<group>"; };
		4E7ABE9C251398C5004C3C57 /* StationCellViewModel.swift */ = {isa = PBXFileReference; lastKnownFileType = sourcecode.swift; path = StationCellViewModel.swift; sourceTree = "<group>"; };
		4E9385D52539D427005202F9 /* AppConfigService.swift */ = {isa = PBXFileReference; lastKnownFileType = sourcecode.swift; path = AppConfigService.swift; sourceTree = "<group>"; };
		4E9385D82539D58F005202F9 /* AppConfigRepository.swift */ = {isa = PBXFileReference; lastKnownFileType = sourcecode.swift; path = AppConfigRepository.swift; sourceTree = "<group>"; };
		4E949703251B500000FE9375 /* StationsDetailViewModel.swift */ = {isa = PBXFileReference; lastKnownFileType = sourcecode.swift; path = StationsDetailViewModel.swift; sourceTree = "<group>"; };
		4EA29BA624FF8CBE00E123C1 /* Sounds-App-Storyboard.app */ = {isa = PBXFileReference; explicitFileType = wrapper.application; includeInIndex = 0; path = "Sounds-App-Storyboard.app"; sourceTree = BUILT_PRODUCTS_DIR; };
		4EA29BA924FF8CBE00E123C1 /* AppDelegate.swift */ = {isa = PBXFileReference; lastKnownFileType = sourcecode.swift; path = AppDelegate.swift; sourceTree = "<group>"; };
		4EA29BAB24FF8CBE00E123C1 /* SceneDelegate.swift */ = {isa = PBXFileReference; lastKnownFileType = sourcecode.swift; path = SceneDelegate.swift; sourceTree = "<group>"; };
		4EA29BAD24FF8CBE00E123C1 /* StationsViewController.swift */ = {isa = PBXFileReference; lastKnownFileType = sourcecode.swift; path = StationsViewController.swift; sourceTree = "<group>"; };
		4EA29BB024FF8CBE00E123C1 /* Base */ = {isa = PBXFileReference; lastKnownFileType = file.storyboard; name = Base; path = Base.lproj/Main.storyboard; sourceTree = "<group>"; };
		4EA29BB224FF8CBF00E123C1 /* Assets.xcassets */ = {isa = PBXFileReference; lastKnownFileType = folder.assetcatalog; path = Assets.xcassets; sourceTree = "<group>"; };
		4EA29BB524FF8CBF00E123C1 /* Base */ = {isa = PBXFileReference; lastKnownFileType = file.storyboard; name = Base; path = Base.lproj/LaunchScreen.storyboard; sourceTree = "<group>"; };
		4EA29BB724FF8CBF00E123C1 /* Info.plist */ = {isa = PBXFileReference; lastKnownFileType = text.plist.xml; path = Info.plist; sourceTree = "<group>"; };
		CE49C64528B9EE6C99883915 /* Pods-Sounds-App-Storyboard.release.xcconfig */ = {isa = PBXFileReference; includeInIndex = 1; lastKnownFileType = text.xcconfig; name = "Pods-Sounds-App-Storyboard.release.xcconfig"; path = "Target Support Files/Pods-Sounds-App-Storyboard/Pods-Sounds-App-Storyboard.release.xcconfig"; sourceTree = "<group>"; };
		DB0BF46994457ECD0A5CA192 /* Pods-Sounds-App-Storyboard.debug.xcconfig */ = {isa = PBXFileReference; includeInIndex = 1; lastKnownFileType = text.xcconfig; name = "Pods-Sounds-App-Storyboard.debug.xcconfig"; path = "Target Support Files/Pods-Sounds-App-Storyboard/Pods-Sounds-App-Storyboard.debug.xcconfig"; sourceTree = "<group>"; };
		DD93DE87F4AAC2827A295686 /* Pods_Sounds_App_Storyboard.framework */ = {isa = PBXFileReference; explicitFileType = wrapper.framework; includeInIndex = 0; path = Pods_Sounds_App_Storyboard.framework; sourceTree = BUILT_PRODUCTS_DIR; };
/* End PBXFileReference section */

/* Begin PBXFrameworksBuildPhase section */
		4EA29BA324FF8CBE00E123C1 /* Frameworks */ = {
			isa = PBXFrameworksBuildPhase;
			buildActionMask = 2147483647;
			files = (
				AA59AA29AD4B7C6CB9B9E1AF /* Pods_Sounds_App_Storyboard.framework in Frameworks */,
			);
			runOnlyForDeploymentPostprocessing = 0;
		};
/* End PBXFrameworksBuildPhase section */

/* Begin PBXGroup section */
		4E1D2D3B251A2C9D002E833B /* View Controllers */ = {
			isa = PBXGroup;
			children = (
				4EA29BAD24FF8CBE00E123C1 /* StationsViewController.swift */,
				4E5DDB6E250BCA3200B31F28 /* StationsDetailViewController.swift */,
				4E03927C25372D3500919812 /* RequestAppConfigViewController.swift */,
			);
			path = "View Controllers";
			sourceTree = "<group>";
		};
		4E1D2D3C251A2CBB002E833B /* Coordinators */ = {
			isa = PBXGroup;
			children = (
				4E1D2D30251A22F5002E833B /* Coordinator.swift */,
				4E1D2D37251A25E7002E833B /* MainCoordinator.swift */,
			);
			path = Coordinators;
			sourceTree = "<group>";
		};
		4E1D2D3D251A2CD0002E833B /* Setup */ = {
			isa = PBXGroup;
			children = (
				4EA29BA924FF8CBE00E123C1 /* AppDelegate.swift */,
				4EA29BAB24FF8CBE00E123C1 /* SceneDelegate.swift */,
				4E1D2D33251A2378002E833B /* Storyboarded.swift */,
			);
			path = Setup;
			sourceTree = "<group>";
		};
		4E5AAA082510EFFB0040343D /* Models */ = {
			isa = PBXGroup;
			children = (
				4E5AAA092510F0970040343D /* RMSConfig.swift */,
				4E5AAA0E2510FA060040343D /* PlayableItem.swift */,
			);
			path = Models;
			sourceTree = "<group>";
		};
		4E5AAA0B2510F14A0040343D /* View Models */ = {
			isa = PBXGroup;
			children = (
				4E5AAA0C2510F1670040343D /* StationsViewModel.swift */,
				4E7ABE9C251398C5004C3C57 /* StationCellViewModel.swift */,
				4E949703251B500000FE9375 /* StationsDetailViewModel.swift */,
				4E13E1C62535BEF700961DCB /* RequestAppConfigViewModel.swift */,
			);
			path = "View Models";
			sourceTree = "<group>";
		};
		4E7ABE9B251398AE004C3C57 /* Cells */ = {
			isa = PBXGroup;
			children = (
				4E7ABE9925136E35004C3C57 /* StationCell.swift */,
			);
			path = Cells;
			sourceTree = "<group>";
		};
		4E9385D32539D2F1005202F9 /* Services */ = {
			isa = PBXGroup;
			children = (
				4E9385D52539D427005202F9 /* AppConfigService.swift */,
			);
			path = Services;
			sourceTree = "<group>";
		};
		4E9385D42539D363005202F9 /* Repository */ = {
			isa = PBXGroup;
			children = (
				4E9385D82539D58F005202F9 /* AppConfigRepository.swift */,
			);
			path = Repository;
			sourceTree = "<group>";
		};
		4EA29B9D24FF8CBE00E123C1 = {
			isa = PBXGroup;
			children = (
				D20141404742266B527BF17F /* Frameworks */,
				52693E87DC622095063D43C7 /* Pods */,
				4EA29BA724FF8CBE00E123C1 /* Products */,
				4EA29BA824FF8CBE00E123C1 /* Sounds-App-Storyboard */,
			);
			sourceTree = "<group>";
		};
		4EA29BA724FF8CBE00E123C1 /* Products */ = {
			isa = PBXGroup;
			children = (
				4EA29BA624FF8CBE00E123C1 /* Sounds-App-Storyboard.app */,
			);
			name = Products;
			sourceTree = "<group>";
		};
		4EA29BA824FF8CBE00E123C1 /* Sounds-App-Storyboard */ = {
			isa = PBXGroup;
			children = (
				4E9385D42539D363005202F9 /* Repository */,
				4E9385D32539D2F1005202F9 /* Services */,
				4E1D2D3D251A2CD0002E833B /* Setup */,
				4E1D2D3C251A2CBB002E833B /* Coordinators */,
				4E1D2D3B251A2C9D002E833B /* View Controllers */,
				4E7ABE9B251398AE004C3C57 /* Cells */,
				4E5AAA0B2510F14A0040343D /* View Models */,
				4E5AAA082510EFFB0040343D /* Models */,
				4EA29BAF24FF8CBE00E123C1 /* Main.storyboard */,
				4EA29BB224FF8CBF00E123C1 /* Assets.xcassets */,
				4EA29BB424FF8CBF00E123C1 /* LaunchScreen.storyboard */,
				4EA29BB724FF8CBF00E123C1 /* Info.plist */,
			);
			path = "Sounds-App-Storyboard";
			sourceTree = "<group>";
		};
		52693E87DC622095063D43C7 /* Pods */ = {
			isa = PBXGroup;
			children = (
				DB0BF46994457ECD0A5CA192 /* Pods-Sounds-App-Storyboard.debug.xcconfig */,
				CE49C64528B9EE6C99883915 /* Pods-Sounds-App-Storyboard.release.xcconfig */,
			);
			path = Pods;
			sourceTree = "<group>";
		};
		D20141404742266B527BF17F /* Frameworks */ = {
			isa = PBXGroup;
			children = (
				DD93DE87F4AAC2827A295686 /* Pods_Sounds_App_Storyboard.framework */,
			);
			name = Frameworks;
			sourceTree = "<group>";
		};
/* End PBXGroup section */

/* Begin PBXNativeTarget section */
		4EA29BA524FF8CBE00E123C1 /* Sounds-App-Storyboard */ = {
			isa = PBXNativeTarget;
			buildConfigurationList = 4EA29BBA24FF8CBF00E123C1 /* Build configuration list for PBXNativeTarget "Sounds-App-Storyboard" */;
			buildPhases = (
				1FC0DCA24EF7BBD450684B8C /* [CP] Check Pods Manifest.lock */,
				4EA29BA224FF8CBE00E123C1 /* Sources */,
				4EA29BA324FF8CBE00E123C1 /* Frameworks */,
				4EA29BA424FF8CBE00E123C1 /* Resources */,
				49EAB8E3AF1D34A51E4A4BC0 /* [CP] Embed Pods Frameworks */,
			);
			buildRules = (
			);
			dependencies = (
			);
			name = "Sounds-App-Storyboard";
			productName = "Sounds-App-Storyboard";
			productReference = 4EA29BA624FF8CBE00E123C1 /* Sounds-App-Storyboard.app */;
			productType = "com.apple.product-type.application";
		};
/* End PBXNativeTarget section */

/* Begin PBXProject section */
		4EA29B9E24FF8CBE00E123C1 /* Project object */ = {
			isa = PBXProject;
			attributes = {
				LastSwiftUpdateCheck = 1130;
				LastUpgradeCheck = 1130;
				ORGANIZATIONNAME = "Naukhez Ali";
				TargetAttributes = {
					4EA29BA524FF8CBE00E123C1 = {
						CreatedOnToolsVersion = 11.3.1;
					};
				};
			};
			buildConfigurationList = 4EA29BA124FF8CBE00E123C1 /* Build configuration list for PBXProject "Sounds-App-Storyboard" */;
			compatibilityVersion = "Xcode 9.3";
			developmentRegion = en;
			hasScannedForEncodings = 0;
			knownRegions = (
				en,
				Base,
			);
			mainGroup = 4EA29B9D24FF8CBE00E123C1;
			productRefGroup = 4EA29BA724FF8CBE00E123C1 /* Products */;
			projectDirPath = "";
			projectRoot = "";
			targets = (
				4EA29BA524FF8CBE00E123C1 /* Sounds-App-Storyboard */,
			);
		};
/* End PBXProject section */

/* Begin PBXResourcesBuildPhase section */
		4EA29BA424FF8CBE00E123C1 /* Resources */ = {
			isa = PBXResourcesBuildPhase;
			buildActionMask = 2147483647;
			files = (
				4EA29BB624FF8CBF00E123C1 /* LaunchScreen.storyboard in Resources */,
				4EA29BB324FF8CBF00E123C1 /* Assets.xcassets in Resources */,
				4EA29BB124FF8CBE00E123C1 /* Main.storyboard in Resources */,
			);
			runOnlyForDeploymentPostprocessing = 0;
		};
/* End PBXResourcesBuildPhase section */

/* Begin PBXShellScriptBuildPhase section */
		1FC0DCA24EF7BBD450684B8C /* [CP] Check Pods Manifest.lock */ = {
			isa = PBXShellScriptBuildPhase;
			buildActionMask = 2147483647;
			files = (
			);
			inputFileListPaths = (
			);
			inputPaths = (
				"${PODS_PODFILE_DIR_PATH}/Podfile.lock",
				"${PODS_ROOT}/Manifest.lock",
			);
			name = "[CP] Check Pods Manifest.lock";
			outputFileListPaths = (
			);
			outputPaths = (
				"$(DERIVED_FILE_DIR)/Pods-Sounds-App-Storyboard-checkManifestLockResult.txt",
			);
			runOnlyForDeploymentPostprocessing = 0;
			shellPath = /bin/sh;
			shellScript = "diff \"${PODS_PODFILE_DIR_PATH}/Podfile.lock\" \"${PODS_ROOT}/Manifest.lock\" > /dev/null\nif [ $? != 0 ] ; then\n    # print error to STDERR\n    echo \"error: The sandbox is not in sync with the Podfile.lock. Run 'pod install' or update your CocoaPods installation.\" >&2\n    exit 1\nfi\n# This output is used by Xcode 'outputs' to avoid re-running this script phase.\necho \"SUCCESS\" > \"${SCRIPT_OUTPUT_FILE_0}\"\n";
			showEnvVarsInLog = 0;
		};
		49EAB8E3AF1D34A51E4A4BC0 /* [CP] Embed Pods Frameworks */ = {
			isa = PBXShellScriptBuildPhase;
			buildActionMask = 2147483647;
			files = (
			);
			inputFileListPaths = (
				"${PODS_ROOT}/Target Support Files/Pods-Sounds-App-Storyboard/Pods-Sounds-App-Storyboard-frameworks-${CONFIGURATION}-input-files.xcfilelist",
			);
			name = "[CP] Embed Pods Frameworks";
			outputFileListPaths = (
				"${PODS_ROOT}/Target Support Files/Pods-Sounds-App-Storyboard/Pods-Sounds-App-Storyboard-frameworks-${CONFIGURATION}-output-files.xcfilelist",
			);
			runOnlyForDeploymentPostprocessing = 0;
			shellPath = /bin/sh;
			shellScript = "\"${PODS_ROOT}/Target Support Files/Pods-Sounds-App-Storyboard/Pods-Sounds-App-Storyboard-frameworks.sh\"\n";
			showEnvVarsInLog = 0;
		};
/* End PBXShellScriptBuildPhase section */

/* Begin PBXSourcesBuildPhase section */
		4EA29BA224FF8CBE00E123C1 /* Sources */ = {
			isa = PBXSourcesBuildPhase;
			buildActionMask = 2147483647;
			files = (
				4E5AAA0A2510F0970040343D /* RMSConfig.swift in Sources */,
				4EA29BAE24FF8CBE00E123C1 /* StationsViewController.swift in Sources */,
				4E5AAA0D2510F1670040343D /* StationsViewModel.swift in Sources */,
				4E5DDB6F250BCA3200B31F28 /* StationsDetailViewController.swift in Sources */,
				4E9385D92539D58F005202F9 /* AppConfigRepository.swift in Sources */,
				4EA29BAA24FF8CBE00E123C1 /* AppDelegate.swift in Sources */,
				4E1D2D31251A22F5002E833B /* Coordinator.swift in Sources */,
				4E13E1C72535BEF700961DCB /* RequestAppConfigViewModel.swift in Sources */,
				4E7ABE9A25136E35004C3C57 /* StationCell.swift in Sources */,
				4E949704251B500000FE9375 /* StationsDetailViewModel.swift in Sources */,
				4E9385D62539D427005202F9 /* AppConfigService.swift in Sources */,
				4E5AAA0F2510FA060040343D /* PlayableItem.swift in Sources */,
				4EA29BAC24FF8CBE00E123C1 /* SceneDelegate.swift in Sources */,
				4E1D2D38251A25E7002E833B /* MainCoordinator.swift in Sources */,
				4E03927D25372D3500919812 /* RequestAppConfigViewController.swift in Sources */,
				4E7ABE9D251398C5004C3C57 /* StationCellViewModel.swift in Sources */,
				4E1D2D34251A2378002E833B /* Storyboarded.swift in Sources */,
			);
			runOnlyForDeploymentPostprocessing = 0;
		};
/* End PBXSourcesBuildPhase section */

/* Begin PBXVariantGroup section */
		4EA29BAF24FF8CBE00E123C1 /* Main.storyboard */ = {
			isa = PBXVariantGroup;
			children = (
				4EA29BB024FF8CBE00E123C1 /* Base */,
			);
			name = Main.storyboard;
			sourceTree = "<group>";
		};
		4EA29BB424FF8CBF00E123C1 /* LaunchScreen.storyboard */ = {
			isa = PBXVariantGroup;
			children = (
				4EA29BB524FF8CBF00E123C1 /* Base */,
			);
			name = LaunchScreen.storyboard;
			sourceTree = "<group>";
		};
/* End PBXVariantGroup section */

/* Begin XCBuildConfiguration section */
		4EA29BB824FF8CBF00E123C1 /* Debug */ = {
			isa = XCBuildConfiguration;
			buildSettings = {
				ALWAYS_SEARCH_USER_PATHS = NO;
				CLANG_ANALYZER_NONNULL = YES;
				CLANG_ANALYZER_NUMBER_OBJECT_CONVERSION = YES_AGGRESSIVE;
				CLANG_CXX_LANGUAGE_STANDARD = "gnu++14";
				CLANG_CXX_LIBRARY = "libc++";
				CLANG_ENABLE_MODULES = YES;
				CLANG_ENABLE_OBJC_ARC = YES;
				CLANG_ENABLE_OBJC_WEAK = YES;
				CLANG_WARN_BLOCK_CAPTURE_AUTORELEASING = YES;
				CLANG_WARN_BOOL_CONVERSION = YES;
				CLANG_WARN_COMMA = YES;
				CLANG_WARN_CONSTANT_CONVERSION = YES;
				CLANG_WARN_DEPRECATED_OBJC_IMPLEMENTATIONS = YES;
				CLANG_WARN_DIRECT_OBJC_ISA_USAGE = YES_ERROR;
				CLANG_WARN_DOCUMENTATION_COMMENTS = YES;
				CLANG_WARN_EMPTY_BODY = YES;
				CLANG_WARN_ENUM_CONVERSION = YES;
				CLANG_WARN_INFINITE_RECURSION = YES;
				CLANG_WARN_INT_CONVERSION = YES;
				CLANG_WARN_NON_LITERAL_NULL_CONVERSION = YES;
				CLANG_WARN_OBJC_IMPLICIT_RETAIN_SELF = YES;
				CLANG_WARN_OBJC_LITERAL_CONVERSION = YES;
				CLANG_WARN_OBJC_ROOT_CLASS = YES_ERROR;
				CLANG_WARN_RANGE_LOOP_ANALYSIS = YES;
				CLANG_WARN_STRICT_PROTOTYPES = YES;
				CLANG_WARN_SUSPICIOUS_MOVE = YES;
				CLANG_WARN_UNGUARDED_AVAILABILITY = YES_AGGRESSIVE;
				CLANG_WARN_UNREACHABLE_CODE = YES;
				CLANG_WARN__DUPLICATE_METHOD_MATCH = YES;
				COPY_PHASE_STRIP = NO;
				DEBUG_INFORMATION_FORMAT = dwarf;
				ENABLE_STRICT_OBJC_MSGSEND = YES;
				ENABLE_TESTABILITY = YES;
				GCC_C_LANGUAGE_STANDARD = gnu11;
				GCC_DYNAMIC_NO_PIC = NO;
				GCC_NO_COMMON_BLOCKS = YES;
				GCC_OPTIMIZATION_LEVEL = 0;
				GCC_PREPROCESSOR_DEFINITIONS = (
					"DEBUG=1",
					"$(inherited)",
				);
				GCC_WARN_64_TO_32_BIT_CONVERSION = YES;
				GCC_WARN_ABOUT_RETURN_TYPE = YES_ERROR;
				GCC_WARN_UNDECLARED_SELECTOR = YES;
				GCC_WARN_UNINITIALIZED_AUTOS = YES_AGGRESSIVE;
				GCC_WARN_UNUSED_FUNCTION = YES;
				GCC_WARN_UNUSED_VARIABLE = YES;
				IPHONEOS_DEPLOYMENT_TARGET = 13.2;
				MTL_ENABLE_DEBUG_INFO = INCLUDE_SOURCE;
				MTL_FAST_MATH = YES;
				ONLY_ACTIVE_ARCH = YES;
				SDKROOT = iphoneos;
				SWIFT_ACTIVE_COMPILATION_CONDITIONS = DEBUG;
				SWIFT_OPTIMIZATION_LEVEL = "-Onone";
			};
			name = Debug;
		};
		4EA29BB924FF8CBF00E123C1 /* Release */ = {
			isa = XCBuildConfiguration;
			buildSettings = {
				ALWAYS_SEARCH_USER_PATHS = NO;
				CLANG_ANALYZER_NONNULL = YES;
				CLANG_ANALYZER_NUMBER_OBJECT_CONVERSION = YES_AGGRESSIVE;
				CLANG_CXX_LANGUAGE_STANDARD = "gnu++14";
				CLANG_CXX_LIBRARY = "libc++";
				CLANG_ENABLE_MODULES = YES;
				CLANG_ENABLE_OBJC_ARC = YES;
				CLANG_ENABLE_OBJC_WEAK = YES;
				CLANG_WARN_BLOCK_CAPTURE_AUTORELEASING = YES;
				CLANG_WARN_BOOL_CONVERSION = YES;
				CLANG_WARN_COMMA = YES;
				CLANG_WARN_CONSTANT_CONVERSION = YES;
				CLANG_WARN_DEPRECATED_OBJC_IMPLEMENTATIONS = YES;
				CLANG_WARN_DIRECT_OBJC_ISA_USAGE = YES_ERROR;
				CLANG_WARN_DOCUMENTATION_COMMENTS = YES;
				CLANG_WARN_EMPTY_BODY = YES;
				CLANG_WARN_ENUM_CONVERSION = YES;
				CLANG_WARN_INFINITE_RECURSION = YES;
				CLANG_WARN_INT_CONVERSION = YES;
				CLANG_WARN_NON_LITERAL_NULL_CONVERSION = YES;
				CLANG_WARN_OBJC_IMPLICIT_RETAIN_SELF = YES;
				CLANG_WARN_OBJC_LITERAL_CONVERSION = YES;
				CLANG_WARN_OBJC_ROOT_CLASS = YES_ERROR;
				CLANG_WARN_RANGE_LOOP_ANALYSIS = YES;
				CLANG_WARN_STRICT_PROTOTYPES = YES;
				CLANG_WARN_SUSPICIOUS_MOVE = YES;
				CLANG_WARN_UNGUARDED_AVAILABILITY = YES_AGGRESSIVE;
				CLANG_WARN_UNREACHABLE_CODE = YES;
				CLANG_WARN__DUPLICATE_METHOD_MATCH = YES;
				COPY_PHASE_STRIP = NO;
				DEBUG_INFORMATION_FORMAT = "dwarf-with-dsym";
				ENABLE_NS_ASSERTIONS = NO;
				ENABLE_STRICT_OBJC_MSGSEND = YES;
				GCC_C_LANGUAGE_STANDARD = gnu11;
				GCC_NO_COMMON_BLOCKS = YES;
				GCC_WARN_64_TO_32_BIT_CONVERSION = YES;
				GCC_WARN_ABOUT_RETURN_TYPE = YES_ERROR;
				GCC_WARN_UNDECLARED_SELECTOR = YES;
				GCC_WARN_UNINITIALIZED_AUTOS = YES_AGGRESSIVE;
				GCC_WARN_UNUSED_FUNCTION = YES;
				GCC_WARN_UNUSED_VARIABLE = YES;
				IPHONEOS_DEPLOYMENT_TARGET = 13.2;
				MTL_ENABLE_DEBUG_INFO = NO;
				MTL_FAST_MATH = YES;
				SDKROOT = iphoneos;
				SWIFT_COMPILATION_MODE = wholemodule;
				SWIFT_OPTIMIZATION_LEVEL = "-O";
				VALIDATE_PRODUCT = YES;
			};
			name = Release;
		};
		4EA29BBB24FF8CBF00E123C1 /* Debug */ = {
			isa = XCBuildConfiguration;
			baseConfigurationReference = DB0BF46994457ECD0A5CA192 /* Pods-Sounds-App-Storyboard.debug.xcconfig */;
			buildSettings = {
				ASSETCATALOG_COMPILER_APPICON_NAME = AppIcon;
				CODE_SIGN_STYLE = Automatic;
				DEVELOPMENT_TEAM = 3AN749835U;
				INFOPLIST_FILE = "Sounds-App-Storyboard/Info.plist";
				LD_RUNPATH_SEARCH_PATHS = (
					"$(inherited)",
					"@executable_path/Frameworks",
				);
				PRODUCT_BUNDLE_IDENTIFIER = "com.example.Sounds-App-Storyboard";
				PRODUCT_NAME = "$(TARGET_NAME)";
				SWIFT_VERSION = 5.0;
				TARGETED_DEVICE_FAMILY = "1,2";
			};
			name = Debug;
		};
		4EA29BBC24FF8CBF00E123C1 /* Release */ = {
			isa = XCBuildConfiguration;
			baseConfigurationReference = CE49C64528B9EE6C99883915 /* Pods-Sounds-App-Storyboard.release.xcconfig */;
			buildSettings = {
				ASSETCATALOG_COMPILER_APPICON_NAME = AppIcon;
				CODE_SIGN_STYLE = Automatic;
				DEVELOPMENT_TEAM = 3AN749835U;
				INFOPLIST_FILE = "Sounds-App-Storyboard/Info.plist";
				LD_RUNPATH_SEARCH_PATHS = (
					"$(inherited)",
					"@executable_path/Frameworks",
				);
				PRODUCT_BUNDLE_IDENTIFIER = "com.example.Sounds-App-Storyboard";
				PRODUCT_NAME = "$(TARGET_NAME)";
				SWIFT_VERSION = 5.0;
				TARGETED_DEVICE_FAMILY = "1,2";
			};
			name = Release;
		};
/* End XCBuildConfiguration section */

/* Begin XCConfigurationList section */
		4EA29BA124FF8CBE00E123C1 /* Build configuration list for PBXProject "Sounds-App-Storyboard" */ = {
			isa = XCConfigurationList;
			buildConfigurations = (
				4EA29BB824FF8CBF00E123C1 /* Debug */,
				4EA29BB924FF8CBF00E123C1 /* Release */,
			);
			defaultConfigurationIsVisible = 0;
			defaultConfigurationName = Release;
		};
		4EA29BBA24FF8CBF00E123C1 /* Build configuration list for PBXNativeTarget "Sounds-App-Storyboard" */ = {
			isa = XCConfigurationList;
			buildConfigurations = (
				4EA29BBB24FF8CBF00E123C1 /* Debug */,
				4EA29BBC24FF8CBF00E123C1 /* Release */,
			);
			defaultConfigurationIsVisible = 0;
			defaultConfigurationName = Release;
		};
/* End XCConfigurationList section */
	};
	rootObject = 4EA29B9E24FF8CBE00E123C1 /* Project object */;
}
